
Microsoft Visual Studio Solution File, Format Version 12.00
# Visual Studio Version 17
VisualStudioVersion = 17.2.32630.192
MinimumVisualStudioVersion = 10.0.40219.1
Project("{FAE04EC0-301F-11D3-BF4B-00C04F79EFBC}") = "PersonalInfoLib", "PersonalInfoLib\PersonalInfoLib.csproj", "{C41AA6F2-E391-4ED0-9597-22FFBC5654DA}"
EndProject
Project("{FAE04EC0-301F-11D3-BF4B-00C04F79EFBC}") = "PersonDataTestApp", "PersonDataTestApp\PersonDataTestApp.csproj", "{0D7D0223-F815-42C3-80D6-8258ACBD29EA}"
EndProject
Global
	GlobalSection(SolutionConfigurationPlatforms) = preSolution
		Debug|Any CPU = Debug|Any CPU
		Release|Any CPU = Release|Any CPU
	EndGlobalSection
	GlobalSection(ProjectConfigurationPlatforms) = postSolution
		{C41AA6F2-E391-4ED0-9597-22FFBC5654DA}.Debug|Any CPU.ActiveCfg = Debug|Any CPU
		{C41AA6F2-E391-4ED0-9597-22FFBC5654DA}.Debug|Any CPU.Build.0 = Debug|Any CPU
		{C41AA6F2-E391-4ED0-9597-22FFBC5654DA}.Release|Any CPU.ActiveCfg = Release|Any CPU
		{C41AA6F2-E391-4ED0-9597-22FFBC5654DA}.Release|Any CPU.Build.0 = Release|Any CPU
		{0D7D0223-F815-42C3-80D6-8258ACBD29EA}.Debug|Any CPU.ActiveCfg = Debug|Any CPU
		{0D7D0223-F815-42C3-80D6-8258ACBD29EA}.Debug|Any CPU.Build.0 = Debug|Any CPU
		{0D7D0223-F815-42C3-80D6-8258ACBD29EA}.Release|Any CPU.ActiveCfg = Release|Any CPU
		{0D7D0223-F815-42C3-80D6-8258ACBD29EA}.Release|Any CPU.Build.0 = Release|Any CPU
	EndGlobalSection
	GlobalSection(SolutionProperties) = preSolution
		HideSolutionNode = FALSE
	EndGlobalSection
	GlobalSection(ExtensibilityGlobals) = postSolution
		SolutionGuid = {CB6F877F-DD9F-42B8-BDB7-C1E107EDA43C}
	EndGlobalSection
EndGlobal
